
Microsoft Visual Studio Solution File, Format Version 12.00
# Visual Studio Version 17
VisualStudioVersion = 17.4.33403.182
MinimumVisualStudioVersion = 10.0.40219.1
Project("{FAE04EC0-301F-11D3-BF4B-00C04F79EFBC}") = "SistemaVendas", "SistemaVendas\SistemaVendas.csproj", "{9F2EDD99-F607-4E15-A7E5-EC9737602B76}"
EndProject
Global
	GlobalSection(SolutionConfigurationPlatforms) = preSolution
		Debug|Any CPU = Debug|Any CPU
		Release|Any CPU = Release|Any CPU
	EndGlobalSection
	GlobalSection(ProjectConfigurationPlatforms) = postSolution
		{9F2EDD99-F607-4E15-A7E5-EC9737602B76}.Debug|Any CPU.ActiveCfg = Debug|Any CPU
		{9F2EDD99-F607-4E15-A7E5-EC9737602B76}.Debug|Any CPU.Build.0 = Debug|Any CPU
		{9F2EDD99-F607-4E15-A7E5-EC9737602B76}.Release|Any CPU.ActiveCfg = Release|Any CPU
		{9F2EDD99-F607-4E15-A7E5-EC9737602B76}.Release|Any CPU.Build.0 = Release|Any CPU
	EndGlobalSection
	GlobalSection(SolutionProperties) = preSolution
		HideSolutionNode = FALSE
	EndGlobalSection
	GlobalSection(ExtensibilityGlobals) = postSolution
		SolutionGuid = {2C2FFC88-087E-48F0-B15D-AD619A75F0DD}
	EndGlobalSection
EndGlobal
